// !$*UTF8*$!
{
	archiveVersion = 1;
	classes = {
	};
	objectVersion = 46;
	objects = {

/* Begin PBXBuildFile section */
		0A7E53861F5BA38F0082A108 /* AppDelegate.swift in Sources */ = {isa = PBXBuildFile; fileRef = 0A7E53851F5BA38F0082A108 /* AppDelegate.swift */; };
		0A7E538A1F5BA38F0082A108 /* Actions.sks in Resources */ = {isa = PBXBuildFile; fileRef = 0A7E53891F5BA38F0082A108 /* Actions.sks */; };
		0A7E538C1F5BA38F0082A108 /* GameScene.swift in Sources */ = {isa = PBXBuildFile; fileRef = 0A7E538B1F5BA38F0082A108 /* GameScene.swift */; };
		0A7E538E1F5BA38F0082A108 /* GameViewController.swift in Sources */ = {isa = PBXBuildFile; fileRef = 0A7E538D1F5BA38F0082A108 /* GameViewController.swift */; };
		0A7E53911F5BA38F0082A108 /* Main.storyboard in Resources */ = {isa = PBXBuildFile; fileRef = 0A7E538F1F5BA38F0082A108 /* Main.storyboard */; };
		0A7E53931F5BA38F0082A108 /* Assets.xcassets in Resources */ = {isa = PBXBuildFile; fileRef = 0A7E53921F5BA38F0082A108 /* Assets.xcassets */; };
		0A7E53961F5BA38F0082A108 /* LaunchScreen.storyboard in Resources */ = {isa = PBXBuildFile; fileRef = 0A7E53941F5BA38F0082A108 /* LaunchScreen.storyboard */; };
		0A7E53A11F5BA38F0082A108 /* PaperTossTests.swift in Sources */ = {isa = PBXBuildFile; fileRef = 0A7E53A01F5BA38F0082A108 /* PaperTossTests.swift */; };
		0A7E53AC1F5BA38F0082A108 /* PaperTossUITests.swift in Sources */ = {isa = PBXBuildFile; fileRef = 0A7E53AB1F5BA38F0082A108 /* PaperTossUITests.swift */; };
		0A7E53BA1F5BA41D0082A108 /* GameScene.sks in Resources */ = {isa = PBXBuildFile; fileRef = 0A7E53B91F5BA41D0082A108 /* GameScene.sks */; };
/* End PBXBuildFile section */

/* Begin PBXContainerItemProxy section */
		0A7E539D1F5BA38F0082A108 /* PBXContainerItemProxy */ = {
			isa = PBXContainerItemProxy;
			containerPortal = 0A7E537A1F5BA38F0082A108 /* Project object */;
			proxyType = 1;
			remoteGlobalIDString = 0A7E53811F5BA38F0082A108;
			remoteInfo = PaperToss;
		};
		0A7E53A81F5BA38F0082A108 /* PBXContainerItemProxy */ = {
			isa = PBXContainerItemProxy;
			containerPortal = 0A7E537A1F5BA38F0082A108 /* Project object */;
			proxyType = 1;
			remoteGlobalIDString = 0A7E53811F5BA38F0082A108;
			remoteInfo = PaperToss;
		};
/* End PBXContainerItemProxy section */

/* Begin PBXFileReference section */
		0A7E53821F5BA38F0082A108 /* PaperToss.app */ = {isa = PBXFileReference; explicitFileType = wrapper.application; includeInIndex = 0; path = PaperToss.app; sourceTree = BUILT_PRODUCTS_DIR; };
		0A7E53851F5BA38F0082A108 /* AppDelegate.swift */ = {isa = PBXFileReference; lastKnownFileType = sourcecode.swift; path = AppDelegate.swift; sourceTree = "<group>"; };
		0A7E53891F5BA38F0082A108 /* Actions.sks */ = {isa = PBXFileReference; lastKnownFileType = file.sks; path = Actions.sks; sourceTree = "<group>"; };
		0A7E538B1F5BA38F0082A108 /* GameScene.swift */ = {isa = PBXFileReference; lastKnownFileType = sourcecode.swift; path = GameScene.swift; sourceTree = "<group>"; };
		0A7E538D1F5BA38F0082A108 /* GameViewController.swift */ = {isa = PBXFileReference; lastKnownFileType = sourcecode.swift; path = GameViewController.swift; sourceTree = "<group>"; };
		0A7E53901F5BA38F0082A108 /* Base */ = {isa = PBXFileReference; lastKnownFileType = file.storyboard; name = Base; path = Base.lproj/Main.storyboard; sourceTree = "<group>"; };
		0A7E53921F5BA38F0082A108 /* Assets.xcassets */ = {isa = PBXFileReference; lastKnownFileType = folder.assetcatalog; path = Assets.xcassets; sourceTree = "<group>"; };
		0A7E53951F5BA38F0082A108 /* Base */ = {isa = PBXFileReference; lastKnownFileType = file.storyboard; name = Base; path = Base.lproj/LaunchScreen.storyboard; sourceTree = "<group>"; };
		0A7E53971F5BA38F0082A108 /* Info.plist */ = {isa = PBXFileReference; lastKnownFileType = text.plist.xml; path = Info.plist; sourceTree = "<group>"; };
		0A7E539C1F5BA38F0082A108 /* PaperTossTests.xctest */ = {isa = PBXFileReference; explicitFileType = wrapper.cfbundle; includeInIndex = 0; path = PaperTossTests.xctest; sourceTree = BUILT_PRODUCTS_DIR; };
		0A7E53A01F5BA38F0082A108 /* PaperTossTests.swift */ = {isa = PBXFileReference; lastKnownFileType = sourcecode.swift; path = PaperTossTests.swift; sourceTree = "<group>"; };
		0A7E53A21F5BA38F0082A108 /* Info.plist */ = {isa = PBXFileReference; lastKnownFileType = text.plist.xml; path = Info.plist; sourceTree = "<group>"; };
		0A7E53A71F5BA38F0082A108 /* PaperTossUITests.xctest */ = {isa = PBXFileReference; explicitFileType = wrapper.cfbundle; includeInIndex = 0; path = PaperTossUITests.xctest; sourceTree = BUILT_PRODUCTS_DIR; };
		0A7E53AB1F5BA38F0082A108 /* PaperTossUITests.swift */ = {isa = PBXFileReference; lastKnownFileType = sourcecode.swift; path = PaperTossUITests.swift; sourceTree = "<group>"; };
		0A7E53AD1F5BA38F0082A108 /* Info.plist */ = {isa = PBXFileReference; lastKnownFileType = text.plist.xml; path = Info.plist; sourceTree = "<group>"; };
		0A7E53B91F5BA41D0082A108 /* GameScene.sks */ = {isa = PBXFileReference; lastKnownFileType = file.sks; path = GameScene.sks; sourceTree = "<group>"; };
/* End PBXFileReference section */

/* Begin PBXFrameworksBuildPhase section */
		0A7E537F1F5BA38F0082A108 /* Frameworks */ = {
			isa = PBXFrameworksBuildPhase;
			buildActionMask = 2147483647;
			files = (
			);
			runOnlyForDeploymentPostprocessing = 0;
		};
		0A7E53991F5BA38F0082A108 /* Frameworks */ = {
			isa = PBXFrameworksBuildPhase;
			buildActionMask = 2147483647;
			files = (
			);
			runOnlyForDeploymentPostprocessing = 0;
		};
		0A7E53A41F5BA38F0082A108 /* Frameworks */ = {
			isa = PBXFrameworksBuildPhase;
			buildActionMask = 2147483647;
			files = (
			);
			runOnlyForDeploymentPostprocessing = 0;
		};
/* End PBXFrameworksBuildPhase section */

/* Begin PBXGroup section */
		0A7E53791F5BA38F0082A108 = {
			isa = PBXGroup;
			children = (
				0A7E53841F5BA38F0082A108 /* PaperToss */,
				0A7E539F1F5BA38F0082A108 /* PaperTossTests */,
				0A7E53AA1F5BA38F0082A108 /* PaperTossUITests */,
				0A7E53831F5BA38F0082A108 /* Products */,
			);
			sourceTree = "<group>";
		};
		0A7E53831F5BA38F0082A108 /* Products */ = {
			isa = PBXGroup;
			children = (
				0A7E53821F5BA38F0082A108 /* PaperToss.app */,
				0A7E539C1F5BA38F0082A108 /* PaperTossTests.xctest */,
				0A7E53A71F5BA38F0082A108 /* PaperTossUITests.xctest */,
			);
			name = Products;
			sourceTree = "<group>";
		};
		0A7E53841F5BA38F0082A108 /* PaperToss */ = {
			isa = PBXGroup;
			children = (
				0A7E53851F5BA38F0082A108 /* AppDelegate.swift */,
				0A7E53891F5BA38F0082A108 /* Actions.sks */,
				0A7E53B91F5BA41D0082A108 /* GameScene.sks */,
				0A7E538B1F5BA38F0082A108 /* GameScene.swift */,
				0A7E538D1F5BA38F0082A108 /* GameViewController.swift */,
				0A7E538F1F5BA38F0082A108 /* Main.storyboard */,
				0A7E53921F5BA38F0082A108 /* Assets.xcassets */,
				0A7E53941F5BA38F0082A108 /* LaunchScreen.storyboard */,
				0A7E53971F5BA38F0082A108 /* Info.plist */,
			);
			path = PaperToss;
			sourceTree = "<group>";
		};
		0A7E539F1F5BA38F0082A108 /* PaperTossTests */ = {
			isa = PBXGroup;
			children = (
				0A7E53A01F5BA38F0082A108 /* PaperTossTests.swift */,
				0A7E53A21F5BA38F0082A108 /* Info.plist */,
			);
			path = PaperTossTests;
			sourceTree = "<group>";
		};
		0A7E53AA1F5BA38F0082A108 /* PaperTossUITests */ = {
			isa = PBXGroup;
			children = (
				0A7E53AB1F5BA38F0082A108 /* PaperTossUITests.swift */,
				0A7E53AD1F5BA38F0082A108 /* Info.plist */,
			);
			path = PaperTossUITests;
			sourceTree = "<group>";
		};
/* End PBXGroup section */

/* Begin PBXNativeTarget section */
		0A7E53811F5BA38F0082A108 /* PaperToss */ = {
			isa = PBXNativeTarget;
			buildConfigurationList = 0A7E53B01F5BA38F0082A108 /* Build configuration list for PBXNativeTarget "PaperToss" */;
			buildPhases = (
				0A7E537E1F5BA38F0082A108 /* Sources */,
				0A7E537F1F5BA38F0082A108 /* Frameworks */,
				0A7E53801F5BA38F0082A108 /* Resources */,
			);
			buildRules = (
			);
			dependencies = (
			);
			name = PaperToss;
			productName = PaperToss;
			productReference = 0A7E53821F5BA38F0082A108 /* PaperToss.app */;
			productType = "com.apple.product-type.application";
		};
		0A7E539B1F5BA38F0082A108 /* PaperTossTests */ = {
			isa = PBXNativeTarget;
			buildConfigurationList = 0A7E53B31F5BA38F0082A108 /* Build configuration list for PBXNativeTarget "PaperTossTests" */;
			buildPhases = (
				0A7E53981F5BA38F0082A108 /* Sources */,
				0A7E53991F5BA38F0082A108 /* Frameworks */,
				0A7E539A1F5BA38F0082A108 /* Resources */,
			);
			buildRules = (
			);
			dependencies = (
				0A7E539E1F5BA38F0082A108 /* PBXTargetDependency */,
			);
			name = PaperTossTests;
			productName = PaperTossTests;
			productReference = 0A7E539C1F5BA38F0082A108 /* PaperTossTests.xctest */;
			productType = "com.apple.product-type.bundle.unit-test";
		};
		0A7E53A61F5BA38F0082A108 /* PaperTossUITests */ = {
			isa = PBXNativeTarget;
			buildConfigurationList = 0A7E53B61F5BA38F0082A108 /* Build configuration list for PBXNativeTarget "PaperTossUITests" */;
			buildPhases = (
				0A7E53A31F5BA38F0082A108 /* Sources */,
				0A7E53A41F5BA38F0082A108 /* Frameworks */,
				0A7E53A51F5BA38F0082A108 /* Resources */,
			);
			buildRules = (
			);
			dependencies = (
				0A7E53A91F5BA38F0082A108 /* PBXTargetDependency */,
			);
			name = PaperTossUITests;
			productName = PaperTossUITests;
			productReference = 0A7E53A71F5BA38F0082A108 /* PaperTossUITests.xctest */;
			productType = "com.apple.product-type.bundle.ui-testing";
		};
/* End PBXNativeTarget section */

/* Begin PBXProject section */
		0A7E537A1F5BA38F0082A108 /* Project object */ = {
			isa = PBXProject;
			attributes = {
				LastSwiftUpdateCheck = 0830;
				LastUpgradeCheck = 0830;
				ORGANIZATIONNAME = jy;
				TargetAttributes = {
					0A7E53811F5BA38F0082A108 = {
						CreatedOnToolsVersion = 8.3.3;
						DevelopmentTeam = VH4ZU5QAW5;
						ProvisioningStyle = Automatic;
					};
					0A7E539B1F5BA38F0082A108 = {
						CreatedOnToolsVersion = 8.3.3;
						DevelopmentTeam = VH4ZU5QAW5;
						ProvisioningStyle = Automatic;
						TestTargetID = 0A7E53811F5BA38F0082A108;
					};
					0A7E53A61F5BA38F0082A108 = {
						CreatedOnToolsVersion = 8.3.3;
						DevelopmentTeam = VH4ZU5QAW5;
						ProvisioningStyle = Automatic;
						TestTargetID = 0A7E53811F5BA38F0082A108;
					};
				};
			};
			buildConfigurationList = 0A7E537D1F5BA38F0082A108 /* Build configuration list for PBXProject "PaperToss" */;
			compatibilityVersion = "Xcode 3.2";
			developmentRegion = English;
			hasScannedForEncodings = 0;
			knownRegions = (
				en,
				Base,
			);
			mainGroup = 0A7E53791F5BA38F0082A108;
			productRefGroup = 0A7E53831F5BA38F0082A108 /* Products */;
			projectDirPath = "";
			projectRoot = "";
			targets = (
				0A7E53811F5BA38F0082A108 /* PaperToss */,
				0A7E539B1F5BA38F0082A108 /* PaperTossTests */,
				0A7E53A61F5BA38F0082A108 /* PaperTossUITests */,
			);
		};
/* End PBXProject section */

/* Begin PBXResourcesBuildPhase section */
		0A7E53801F5BA38F0082A108 /* Resources */ = {
			isa = PBXResourcesBuildPhase;
			buildActionMask = 2147483647;
			files = (
				0A7E53911F5BA38F0082A108 /* Main.storyboard in Resources */,
				0A7E53BA1F5BA41D0082A108 /* GameScene.sks in Resources */,
				0A7E53931F5BA38F0082A108 /* Assets.xcassets in Resources */,
				0A7E53961F5BA38F0082A108 /* LaunchScreen.storyboard in Resources */,
				0A7E538A1F5BA38F0082A108 /* Actions.sks in Resources */,
			);
			runOnlyForDeploymentPostprocessing = 0;
		};
		0A7E539A1F5BA38F0082A108 /* Resources */ = {
			isa = PBXResourcesBuildPhase;
			buildActionMask = 2147483647;
			files = (
			);
			runOnlyForDeploymentPostprocessing = 0;
		};
		0A7E53A51F5BA38F0082A108 /* Resources */ = {
			isa = PBXResourcesBuildPhase;
			buildActionMask = 2147483647;
			files = (
			);
			runOnlyForDeploymentPostprocessing = 0;
		};
/* End PBXResourcesBuildPhase section */

/* Begin PBXSourcesBuildPhase section */
		0A7E537E1F5BA38F0082A108 /* Sources */ = {
			isa = PBXSourcesBuildPhase;
			buildActionMask = 2147483647;
			files = (
				0A7E538C1F5BA38F0082A108 /* GameScene.swift in Sources */,
				0A7E538E1F5BA38F0082A108 /* GameViewController.swift in Sources */,
				0A7E53861F5BA38F0082A108 /* AppDelegate.swift in Sources */,
			);
			runOnlyForDeploymentPostprocessing = 0;
		};
		0A7E53981F5BA38F0082A108 /* Sources */ = {
			isa = PBXSourcesBuildPhase;
			buildActionMask = 2147483647;
			files = (
				0A7E53A11F5BA38F0082A108 /* PaperTossTests.swift in Sources */,
			);
			runOnlyForDeploymentPostprocessing = 0;
		};
		0A7E53A31F5BA38F0082A108 /* Sources */ = {
			isa = PBXSourcesBuildPhase;
			buildActionMask = 2147483647;
			files = (
				0A7E53AC1F5BA38F0082A108 /* PaperTossUITests.swift in Sources */,
			);
			runOnlyForDeploymentPostprocessing = 0;
		};
/* End PBXSourcesBuildPhase section */

/* Begin PBXTargetDependency section */
		0A7E539E1F5BA38F0082A108 /* PBXTargetDependency */ = {
			isa = PBXTargetDependency;
			target = 0A7E53811F5BA38F0082A108 /* PaperToss */;
			targetProxy = 0A7E539D1F5BA38F0082A108 /* PBXContainerItemProxy */;
		};
		0A7E53A91F5BA38F0082A108 /* PBXTargetDependency */ = {
			isa = PBXTargetDependency;
			target = 0A7E53811F5BA38F0082A108 /* PaperToss */;
			targetProxy = 0A7E53A81F5BA38F0082A108 /* PBXContainerItemProxy */;
		};
/* End PBXTargetDependency section */

/* Begin PBXVariantGroup section */
		0A7E538F1F5BA38F0082A108 /* Main.storyboard */ = {
			isa = PBXVariantGroup;
			children = (
				0A7E53901F5BA38F0082A108 /* Base */,
			);
			name = Main.storyboard;
			sourceTree = "<group>";
		};
		0A7E53941F5BA38F0082A108 /* LaunchScreen.storyboard */ = {
			isa = PBXVariantGroup;
			children = (
				0A7E53951F5BA38F0082A108 /* Base */,
			);
			name = LaunchScreen.storyboard;
			sourceTree = "<group>";
		};
/* End PBXVariantGroup section */

/* Begin XCBuildConfiguration section */
		0A7E53AE1F5BA38F0082A108 /* Debug */ = {
			isa = XCBuildConfiguration;
			buildSettings = {
				ALWAYS_SEARCH_USER_PATHS = NO;
				CLANG_ANALYZER_NONNULL = YES;
				CLANG_ANALYZER_NUMBER_OBJECT_CONVERSION = YES_AGGRESSIVE;
				CLANG_CXX_LANGUAGE_STANDARD = "gnu++0x";
				CLANG_CXX_LIBRARY = "libc++";
				CLANG_ENABLE_MODULES = YES;
				CLANG_ENABLE_OBJC_ARC = YES;
				CLANG_WARN_BOOL_CONVERSION = YES;
				CLANG_WARN_CONSTANT_CONVERSION = YES;
				CLANG_WARN_DIRECT_OBJC_ISA_USAGE = YES_ERROR;
				CLANG_WARN_DOCUMENTATION_COMMENTS = YES;
				CLANG_WARN_EMPTY_BODY = YES;
				CLANG_WARN_ENUM_CONVERSION = YES;
				CLANG_WARN_INFINITE_RECURSION = YES;
				CLANG_WARN_INT_CONVERSION = YES;
				CLANG_WARN_OBJC_ROOT_CLASS = YES_ERROR;
				CLANG_WARN_SUSPICIOUS_MOVE = YES;
				CLANG_WARN_UNREACHABLE_CODE = YES;
				CLANG_WARN__DUPLICATE_METHOD_MATCH = YES;
				"CODE_SIGN_IDENTITY[sdk=iphoneos*]" = "iPhone Developer";
				COPY_PHASE_STRIP = NO;
				DEBUG_INFORMATION_FORMAT = dwarf;
				ENABLE_STRICT_OBJC_MSGSEND = YES;
				ENABLE_TESTABILITY = YES;
				GCC_C_LANGUAGE_STANDARD = gnu99;
				GCC_DYNAMIC_NO_PIC = NO;
				GCC_NO_COMMON_BLOCKS = YES;
				GCC_OPTIMIZATION_LEVEL = 0;
				GCC_PREPROCESSOR_DEFINITIONS = (
					"DEBUG=1",
					"$(inherited)",
				);
				GCC_WARN_64_TO_32_BIT_CONVERSION = YES;
				GCC_WARN_ABOUT_RETURN_TYPE = YES_ERROR;
				GCC_WARN_UNDECLARED_SELECTOR = YES;
				GCC_WARN_UNINITIALIZED_AUTOS = YES_AGGRESSIVE;
				GCC_WARN_UNUSED_FUNCTION = YES;
				GCC_WARN_UNUSED_VARIABLE = YES;
				IPHONEOS_DEPLOYMENT_TARGET = 10.3;
				MTL_ENABLE_DEBUG_INFO = YES;
				ONLY_ACTIVE_ARCH = YES;
				SDKROOT = iphoneos;
				SWIFT_ACTIVE_COMPILATION_CONDITIONS = DEBUG;
				SWIFT_OPTIMIZATION_LEVEL = "-Onone";
			};
			name = Debug;
		};
		0A7E53AF1F5BA38F0082A108 /* Release */ = {
			isa = XCBuildConfiguration;
			buildSettings = {
				ALWAYS_SEARCH_USER_PATHS = NO;
				CLANG_ANALYZER_NONNULL = YES;
				CLANG_ANALYZER_NUMBER_OBJECT_CONVERSION = YES_AGGRESSIVE;
				CLANG_CXX_LANGUAGE_STANDARD = "gnu++0x";
				CLANG_CXX_LIBRARY = "libc++";
				CLANG_ENABLE_MODULES = YES;
				CLANG_ENABLE_OBJC_ARC = YES;
				CLANG_WARN_BOOL_CONVERSION = YES;
				CLANG_WARN_CONSTANT_CONVERSION = YES;
				CLANG_WARN_DIRECT_OBJC_ISA_USAGE = YES_ERROR;
				CLANG_WARN_DOCUMENTATION_COMMENTS = YES;
				CLANG_WARN_EMPTY_BODY = YES;
				CLANG_WARN_ENUM_CONVERSION = YES;
				CLANG_WARN_INFINITE_RECURSION = YES;
				CLANG_WARN_INT_CONVERSION = YES;
				CLANG_WARN_OBJC_ROOT_CLASS = YES_ERROR;
				CLANG_WARN_SUSPICIOUS_MOVE = YES;
				CLANG_WARN_UNREACHABLE_CODE = YES;
				CLANG_WARN__DUPLICATE_METHOD_MATCH = YES;
				"CODE_SIGN_IDENTITY[sdk=iphoneos*]" = "iPhone Developer";
				COPY_PHASE_STRIP = NO;
				DEBUG_INFORMATION_FORMAT = "dwarf-with-dsym";
				ENABLE_NS_ASSERTIONS = NO;
				ENABLE_STRICT_OBJC_MSGSEND = YES;
				GCC_C_LANGUAGE_STANDARD = gnu99;
				GCC_NO_COMMON_BLOCKS = YES;
				GCC_WARN_64_TO_32_BIT_CONVERSION = YES;
				GCC_WARN_ABOUT_RETURN_TYPE = YES_ERROR;
				GCC_WARN_UNDECLARED_SELECTOR = YES;
				GCC_WARN_UNINITIALIZED_AUTOS = YES_AGGRESSIVE;
				GCC_WARN_UNUSED_FUNCTION = YES;
				GCC_WARN_UNUSED_VARIABLE = YES;
				IPHONEOS_DEPLOYMENT_TARGET = 10.3;
				MTL_ENABLE_DEBUG_INFO = NO;
				SDKROOT = iphoneos;
				SWIFT_OPTIMIZATION_LEVEL = "-Owholemodule";
				VALIDATE_PRODUCT = YES;
			};
			name = Release;
		};
		0A7E53B11F5BA38F0082A108 /* Debug */ = {
			isa = XCBuildConfiguration;
			buildSettings = {
				ASSETCATALOG_COMPILER_APPICON_NAME = AppIcon;
				DEVELOPMENT_TEAM = VH4ZU5QAW5;
				INFOPLIST_FILE = PaperToss/Info.plist;
				LD_RUNPATH_SEARCH_PATHS = "$(inherited) @executable_path/Frameworks";
				PRODUCT_BUNDLE_IDENTIFIER = com.iRich.PaperToss;
				PRODUCT_NAME = "$(TARGET_NAME)";
				SWIFT_VERSION = 3.0;
			};
			name = Debug;
		};
		0A7E53B21F5BA38F0082A108 /* Release */ = {
			isa = XCBuildConfiguration;
			buildSettings = {
				ASSETCATALOG_COMPILER_APPICON_NAME = AppIcon;
				DEVELOPMENT_TEAM = VH4ZU5QAW5;
				INFOPLIST_FILE = PaperToss/Info.plist;
				LD_RUNPATH_SEARCH_PATHS = "$(inherited) @executable_path/Frameworks";
				PRODUCT_BUNDLE_IDENTIFIER = com.iRich.PaperToss;
				PRODUCT_NAME = "$(TARGET_NAME)";
				SWIFT_VERSION = 3.0;
			};
			name = Release;
		};
		0A7E53B41F5BA38F0082A108 /* Debug */ = {
			isa = XCBuildConfiguration;
			buildSettings = {
				ALWAYS_EMBED_SWIFT_STANDARD_LIBRARIES = YES;
				BUNDLE_LOADER = "$(TEST_HOST)";
				DEVELOPMENT_TEAM = VH4ZU5QAW5;
				INFOPLIST_FILE = PaperTossTests/Info.plist;
				LD_RUNPATH_SEARCH_PATHS = "$(inherited) @executable_path/Frameworks @loader_path/Frameworks";
				PRODUCT_BUNDLE_IDENTIFIER = com.iRich.PaperTossTests;
				PRODUCT_NAME = "$(TARGET_NAME)";
				SWIFT_VERSION = 3.0;
				TEST_HOST = "$(BUILT_PRODUCTS_DIR)/PaperToss.app/PaperToss";
			};
			name = Debug;
		};
		0A7E53B51F5BA38F0082A108 /* Release */ = {
			isa = XCBuildConfiguration;
			buildSettings = {
				ALWAYS_EMBED_SWIFT_STANDARD_LIBRARIES = YES;
				BUNDLE_LOADER = "$(TEST_HOST)";
				DEVELOPMENT_TEAM = VH4ZU5QAW5;
				INFOPLIST_FILE = PaperTossTests/Info.plist;
				LD_RUNPATH_SEARCH_PATHS = "$(inherited) @executable_path/Frameworks @loader_path/Frameworks";
				PRODUCT_BUNDLE_IDENTIFIER = com.iRich.PaperTossTests;
				PRODUCT_NAME = "$(TARGET_NAME)";
				SWIFT_VERSION = 3.0;
				TEST_HOST = "$(BUILT_PRODUCTS_DIR)/PaperToss.app/PaperToss";
			};
			name = Release;
		};
		0A7E53B71F5BA38F0082A108 /* Debug */ = {
			isa = XCBuildConfiguration;
			buildSettings = {
				ALWAYS_EMBED_SWIFT_STANDARD_LIBRARIES = YES;
				DEVELOPMENT_TEAM = VH4ZU5QAW5;
				INFOPLIST_FILE = PaperTossUITests/Info.plist;
				LD_RUNPATH_SEARCH_PATHS = "$(inherited) @executable_path/Frameworks @loader_path/Frameworks";
				PRODUCT_BUNDLE_IDENTIFIER = com.iRich.PaperTossUITests;
				PRODUCT_NAME = "$(TARGET_NAME)";
				SWIFT_VERSION = 3.0;
				TEST_TARGET_NAME = PaperToss;
			};
			name = Debug;
		};
		0A7E53B81F5BA38F0082A108 /* Release */ = {
			isa = XCBuildConfiguration;
			buildSettings = {
				ALWAYS_EMBED_SWIFT_STANDARD_LIBRARIES = YES;
				DEVELOPMENT_TEAM = VH4ZU5QAW5;
				INFOPLIST_FILE = PaperTossUITests/Info.plist;
				LD_RUNPATH_SEARCH_PATHS = "$(inherited) @executable_path/Frameworks @loader_path/Frameworks";
				PRODUCT_BUNDLE_IDENTIFIER = com.iRich.PaperTossUITests;
				PRODUCT_NAME = "$(TARGET_NAME)";
				SWIFT_VERSION = 3.0;
				TEST_TARGET_NAME = PaperToss;
			};
			name = Release;
		};
/* End XCBuildConfiguration section */

/* Begin XCConfigurationList section */
		0A7E537D1F5BA38F0082A108 /* Build configuration list for PBXProject "PaperToss" */ = {
			isa = XCConfigurationList;
			buildConfigurations = (
				0A7E53AE1F5BA38F0082A108 /* Debug */,
				0A7E53AF1F5BA38F0082A108 /* Release */,
			);
			defaultConfigurationIsVisible = 0;
			defaultConfigurationName = Release;
		};
		0A7E53B01F5BA38F0082A108 /* Build configuration list for PBXNativeTarget "PaperToss" */ = {
			isa = XCConfigurationList;
			buildConfigurations = (
				0A7E53B11F5BA38F0082A108 /* Debug */,
				0A7E53B21F5BA38F0082A108 /* Release */,
			);
			defaultConfigurationIsVisible = 0;
		};
		0A7E53B31F5BA38F0082A108 /* Build configuration list for PBXNativeTarget "PaperTossTests" */ = {
			isa = XCConfigurationList;
			buildConfigurations = (
				0A7E53B41F5BA38F0082A108 /* Debug */,
				0A7E53B51F5BA38F0082A108 /* Release */,
			);
			defaultConfigurationIsVisible = 0;
		};
		0A7E53B61F5BA38F0082A108 /* Build configuration list for PBXNativeTarget "PaperTossUITests" */ = {
			isa = XCConfigurationList;
			buildConfigurations = (
				0A7E53B71F5BA38F0082A108 /* Debug */,
				0A7E53B81F5BA38F0082A108 /* Release */,
			);
			defaultConfigurationIsVisible = 0;
		};
/* End XCConfigurationList section */
	};
	rootObject = 0A7E537A1F5BA38F0082A108 /* Project object */;
}
